
Microsoft Visual Studio Solution File, Format Version 12.00
# Visual Studio Version 17
VisualStudioVersion = 17.9.34728.123
MinimumVisualStudioVersion = 10.0.40219.1
Project("{9A19103F-16F7-4668-BE54-9A1E7A4F7556}") = "J104895_CO5227_ver3", "J104895_CO5227_ver3.csproj", "{EE05BDBD-DA71-42E0-B689-67DCC53C123B}"
EndProject
Global
	GlobalSection(SolutionConfigurationPlatforms) = preSolution
		Debug|Any CPU = Debug|Any CPU
		Release|Any CPU = Release|Any CPU
	EndGlobalSection
	GlobalSection(ProjectConfigurationPlatforms) = postSolution
		{EE05BDBD-DA71-42E0-B689-67DCC53C123B}.Debug|Any CPU.ActiveCfg = Debug|Any CPU
		{EE05BDBD-DA71-42E0-B689-67DCC53C123B}.Debug|Any CPU.Build.0 = Debug|Any CPU
		{EE05BDBD-DA71-42E0-B689-67DCC53C123B}.Release|Any CPU.ActiveCfg = Release|Any CPU
		{EE05BDBD-DA71-42E0-B689-67DCC53C123B}.Release|Any CPU.Build.0 = Release|Any CPU
	EndGlobalSection
	GlobalSection(SolutionProperties) = preSolution
		HideSolutionNode = FALSE
	EndGlobalSection
	GlobalSection(ExtensibilityGlobals) = postSolution
		SolutionGuid = {FB3F8F41-92E6-45B7-916F-659369F533DE}
	EndGlobalSection
EndGlobal
